
Microsoft Visual Studio Solution File, Format Version 12.00
# Visual Studio Version 16
VisualStudioVersion = 16.0.29911.84
MinimumVisualStudioVersion = 10.0.40219.1
Project("{9A19103F-16F7-4668-BE54-9A1E7A4F7556}") = "csharpcore", "csharpcore.csproj", "{49B31F78-5E32-4340-A086-D532D975C30A}"
EndProject
Global
	GlobalSection(SolutionConfigurationPlatforms) = preSolution
		Debug|Any CPU = Debug|Any CPU
		Release|Any CPU = Release|Any CPU
	EndGlobalSection
	GlobalSection(ProjectConfigurationPlatforms) = postSolution
		{49B31F78-5E32-4340-A086-D532D975C30A}.Debug|Any CPU.ActiveCfg = Debug|Any CPU
		{49B31F78-5E32-4340-A086-D532D975C30A}.Debug|Any CPU.Build.0 = Debug|Any CPU
		{49B31F78-5E32-4340-A086-D532D975C30A}.Release|Any CPU.ActiveCfg = Release|Any CPU
		{49B31F78-5E32-4340-A086-D532D975C30A}.Release|Any CPU.Build.0 = Release|Any CPU
	EndGlobalSection
	GlobalSection(SolutionProperties) = preSolution
		HideSolutionNode = FALSE
	EndGlobalSection
	GlobalSection(ExtensibilityGlobals) = postSolution
		SolutionGuid = {6C0E0E7C-4ABC-4FC4-A4E7-5CAED3B20B2B}
	EndGlobalSection
EndGlobal
